
Microsoft Visual Studio Solution File, Format Version 12.00
# Visual Studio 15
Project("{FAE04EC0-301F-11D3-BF4B-00C04F79EFBC}") = "Assembly-CSharp", "Assembly-CSharp.csproj", "{62E4DF9A-8779-51DC-0F4D-22691A48A474}"
EndProject
Project("{FAE04EC0-301F-11D3-BF4B-00C04F79EFBC}") = "Assembly-CSharp-firstpass", "Assembly-CSharp-firstpass.csproj", "{0CBCCA05-B5E9-44D0-9AB4-2A3420ED943A}"
EndProject
Global
	GlobalSection(SolutionConfigurationPlatforms) = preSolution
		Debug|Any CPU = Debug|Any CPU
		Release|Any CPU = Release|Any CPU
	EndGlobalSection
	GlobalSection(ProjectConfigurationPlatforms) = postSolution
		{62E4DF9A-8779-51DC-0F4D-22691A48A474}.Debug|Any CPU.ActiveCfg = Debug|Any CPU
		{62E4DF9A-8779-51DC-0F4D-22691A48A474}.Debug|Any CPU.Build.0 = Debug|Any CPU
		{62E4DF9A-8779-51DC-0F4D-22691A48A474}.Release|Any CPU.ActiveCfg = Release|Any CPU
		{62E4DF9A-8779-51DC-0F4D-22691A48A474}.Release|Any CPU.Build.0 = Release|Any CPU
		{0CBCCA05-B5E9-44D0-9AB4-2A3420ED943A}.Debug|Any CPU.ActiveCfg = Debug|Any CPU
		{0CBCCA05-B5E9-44D0-9AB4-2A3420ED943A}.Debug|Any CPU.Build.0 = Debug|Any CPU
		{0CBCCA05-B5E9-44D0-9AB4-2A3420ED943A}.Release|Any CPU.ActiveCfg = Release|Any CPU
		{0CBCCA05-B5E9-44D0-9AB4-2A3420ED943A}.Release|Any CPU.Build.0 = Release|Any CPU
	EndGlobalSection
	GlobalSection(SolutionProperties) = preSolution
		HideSolutionNode = FALSE
	EndGlobalSection
EndGlobal
